Microsoft Visual Studio Solution File, Format Version 12.00
# Visual Studio Version 17
VisualStudioVersion = 17.0.31611.283
MinimumVisualStudioVersion = 10.0.40219.1
Project("{9A19103F-16F7-4668-BE54-9A1E7A4F7556}") = "BlazorApp", "BlazorApp\BlazorApp.csproj", "{118E65FE-10F0-4367-833B-99C3F8B67FE8}"
EndProject
Project("{FAE04EC0-301F-11D3-BF4B-00C04F79EFBC}") = "MauiMobileApp", "MauiMobileApp\MauiMobileApp.csproj", "{2F4C1F8D-AEA2-49CC-AAA0-096EED89ECF2}"
EndProject
Global
	GlobalSection(SolutionConfigurationPlatforms) = preSolution
		Debug|Any CPU = Debug|Any CPU
		Release|Any CPU = Release|Any CPU
	EndGlobalSection
	GlobalSection(ProjectConfigurationPlatforms) = postSolution
		{118E65FE-10F0-4367-833B-99C3F8B67FE8}.Debug|Any CPU.ActiveCfg = Debug|Any CPU
		{118E65FE-10F0-4367-833B-99C3F8B67FE8}.Debug|Any CPU.Build.0 = Debug|Any CPU
		{118E65FE-10F0-4367-833B-99C3F8B67FE8}.Release|Any CPU.ActiveCfg = Release|Any CPU
		{118E65FE-10F0-4367-833B-99C3F8B67FE8}.Release|Any CPU.Build.0 = Release|Any CPU
		{2F4C1F8D-AEA2-49CC-AAA0-096EED89ECF2}.Debug|Any CPU.ActiveCfg = Debug|Any CPU
		{2F4C1F8D-AEA2-49CC-AAA0-096EED89ECF2}.Debug|Any CPU.Build.0 = Debug|Any CPU
		{2F4C1F8D-AEA2-49CC-AAA0-096EED89ECF2}.Debug|Any CPU.Deploy.0 = Debug|Any CPU
		{2F4C1F8D-AEA2-49CC-AAA0-096EED89ECF2}.Release|Any CPU.ActiveCfg = Release|Any CPU
		{2F4C1F8D-AEA2-49CC-AAA0-096EED89ECF2}.Release|Any CPU.Build.0 = Release|Any CPU
		{2F4C1F8D-AEA2-49CC-AAA0-096EED89ECF2}.Release|Any CPU.Deploy.0 = Release|Any CPU
	EndGlobalSection
	GlobalSection(SolutionProperties) = preSolution
		HideSolutionNode = FALSE
	EndGlobalSection
	GlobalSection(ExtensibilityGlobals) = postSolution
		        SolutionGuid = {61F7FB11-1E47-470C-91E2-47F8143E1572}
		SolutionGuid = {B58FAA81-730C-480C-A1D8-23D0755EA312}
	EndGlobalSection
EndGlobal
